PODS:
  - Alamofire (3.4.1)
  - FRHyperLabel (1.0.2)
  - IQKeyboardManagerSwift (4.0.4)
  - Kingfisher (2.4.1)
  - Mixpanel (3.0.0):
    - Mixpanel/Mixpanel (= 3.0.0)
  - Mixpanel/Mixpanel (3.0.0)
  - MMDrawerController (0.5.7):
    - MMDrawerController/Core (= 0.5.7)
    - MMDrawerController/MMDrawerBarButtonItem (= 0.5.7)
    - MMDrawerController/MMDrawerVisualStates (= 0.5.7)
    - MMDrawerController/Subclass (= 0.5.7)
  - MMDrawerController/Core (0.5.7)
  - MMDrawerController/MMDrawerBarButtonItem (0.5.7):
    - MMDrawerController/Core
  - MMDrawerController/MMDrawerVisualStates (0.5.7):
    - MMDrawerController/Core
  - MMDrawerController/Subclass (0.5.7):
    - MMDrawerController/Core
  - Reachability (3.2)
  - RMStepsController (1.0.2)
  - SwiftSpinner (0.9.5)
  - TTTAttributedLabel (2.0.0)
  - XCGLogger (3.3)

DEPENDENCIES:
  - Alamofire (~> 3.4)
  - FRHyperLabel (~> 1.0)
  - IQKeyboardManagerSwift
  - Kingfisher (~> 2.4)
  - Mixpanel
  - MMDrawerController (~> 0.5.7)
  - Reachability (~> 3.2)
  - RMStepsController
  - SwiftSpinner
  - TTTAttributedLabel
  - XCGLogger (~> 3.3)

SPEC CHECKSUMS:
  Alamofire: 01a82e2f6c0f860ade35534c8dd88be61bdef40c
  FRHyperLabel: 967b8b7ffdd86b9f2d44f2981a5688c4d3faa9ac
  IQKeyboardManagerSwift: e0964d04d6a29b71016fd346dca13ecb80a2823a
  Kingfisher: 41aed5b6c1ed8fa98cf6d75283ce89cf7890f517
  Mixpanel: ac92056ee35a961362513ba11049e67cffcaa1f1
  MMDrawerController: 7a4cf8e25596bf2434e03ce50d22a8608ddee6a1
  Reachability: 33e18b67625424e47b6cde6d202dce689ad7af96
  RMStepsController: 195aa02c57ee5fea74483d0b9dcc30881ae7639d
  SwiftSpinner: c6585a0ae5c67eb33e737695cce88f0262008cce
  TTTAttributedLabel: 8cffe8e127e4e82ff3af1e5386d4cd0ad000b656
  XCGLogger: d6e196e78940ff6daab17d6917107876f973fa31

PODFILE CHECKSUM: 2aa056e5e2068d493e29e69226509ae6df75d474

COCOAPODS: 1.0.1
